// !$*UTF8*$!
{
	archiveVersion = 1;
	classes = {
	};
	objectVersion = 46;
	objects = {

/* Begin PBXBuildFile section */
		3626270B26D25A4BB5A0779F /* libPods-loopjongen.a in Frameworks */ = {isa = PBXBuildFile; fileRef = D0C0C59D888C0EB8565044F9 /* libPods-loopjongen.a */; };
		8B74A1921C66BE6600852666 /* main.m in Sources */ = {isa = PBXBuildFile; fileRef = 8B74A1911C66BE6600852666 /* main.m */; };
		8B74A19A1C66BEC300852666 /* Server.m in Sources */ = {isa = PBXBuildFile; fileRef = 8B74A1991C66BEC300852666 /* Server.m */; };
		8B74A19C1C66C4CD00852666 /* statics.m in Sources */ = {isa = PBXBuildFile; fileRef = 8B74A19B1C66C4CD00852666 /* statics.m */; };
		8B74A19F1C66FA0500852666 /* Nas.m in Sources */ = {isa = PBXBuildFile; fileRef = 8B74A19E1C66FA0500852666 /* Nas.m */; };
		8B74A1A21C66FFA100852666 /* Settings.m in Sources */ = {isa = PBXBuildFile; fileRef = 8B74A1A11C66FFA100852666 /* Settings.m */; };
		8B74A1D41C67056800852666 /* Raspberry.m in Sources */ = {isa = PBXBuildFile; fileRef = 8B74A1D31C67056800852666 /* Raspberry.m */; };
		8B74A1D61C67098100852666 /* Enums.m in Sources */ = {isa = PBXBuildFile; fileRef = 8B74A1D51C67098100852666 /* Enums.m */; };
/* End PBXBuildFile section */

/* Begin PBXCopyFilesBuildPhase section */
		8B74A18C1C66BE6600852666 /* CopyFiles */ = {
			isa = PBXCopyFilesBuildPhase;
			buildActionMask = 2147483647;
			dstPath = /usr/share/man/man1/;
			dstSubfolderSpec = 0;
			files = (
			);
			runOnlyForDeploymentPostprocessing = 1;
		};
/* End PBXCopyFilesBuildPhase section */

/* Begin PBXFileReference section */
		8B74A18E1C66BE6600852666 /* loopjongen */ = {isa = PBXFileReference; explicitFileType = "compiled.mach-o.executable"; includeInIndex = 0; path = loopjongen; sourceTree = BUILT_PRODUCTS_DIR; };
		8B74A1911C66BE6600852666 /* main.m */ = {isa = PBXFileReference; lastKnownFileType = sourcecode.c.objc; path = main.m; sourceTree = "<group>"; };
		8B74A1981C66BEC300852666 /* Server.h */ = {isa = PBXFileReference; fileEncoding = 4; lastKnownFileType = sourcecode.c.h; path = Server.h; sourceTree = "<group>"; };
		8B74A1991C66BEC300852666 /* Server.m */ = {isa = PBXFileReference; fileEncoding = 4; lastKnownFileType = sourcecode.c.objc; path = Server.m; sourceTree = "<group>"; };
		8B74A19B1C66C4CD00852666 /* statics.m */ = {isa = PBXFileReference; fileEncoding = 4; lastKnownFileType = sourcecode.c.objc; path = statics.m; sourceTree = "<group>"; };
		8B74A19D1C66FA0500852666 /* Nas.h */ = {isa = PBXFileReference; fileEncoding = 4; lastKnownFileType = sourcecode.c.h; path = Nas.h; sourceTree = "<group>"; };
		8B74A19E1C66FA0500852666 /* Nas.m */ = {isa = PBXFileReference; fileEncoding = 4; lastKnownFileType = sourcecode.c.objc; path = Nas.m; sourceTree = "<group>"; };
		8B74A1A01C66FFA100852666 /* Settings.h */ = {isa = PBXFileReference; fileEncoding = 4; lastKnownFileType = sourcecode.c.h; path = Settings.h; sourceTree = "<group>"; };
		8B74A1A11C66FFA100852666 /* Settings.m */ = {isa = PBXFileReference; fileEncoding = 4; lastKnownFileType = sourcecode.c.objc; path = Settings.m; sourceTree = "<group>"; };
		8B74A1D21C67056800852666 /* Raspberry.h */ = {isa = PBXFileReference; fileEncoding = 4; lastKnownFileType = sourcecode.c.h; path = Raspberry.h; sourceTree = "<group>"; };
		8B74A1D31C67056800852666 /* Raspberry.m */ = {isa = PBXFileReference; fileEncoding = 4; lastKnownFileType = sourcecode.c.objc; path = Raspberry.m; sourceTree = "<group>"; };
		8B74A1D51C67098100852666 /* Enums.m */ = {isa = PBXFileReference; fileEncoding = 4; lastKnownFileType = sourcecode.c.objc; path = Enums.m; sourceTree = "<group>"; };
		908692C0D4E825B6402C0D17 /* Pods-loopjongen.debug.xcconfig */ = {isa = PBXFileReference; includeInIndex = 1; lastKnownFileType = text.xcconfig; name = "Pods-loopjongen.debug.xcconfig"; path = "Pods/Target Support Files/Pods-loopjongen/Pods-loopjongen.debug.xcconfig"; sourceTree = "<group>"; };
		C3286EB3B6F53350EEF8BA10 /* Pods-loopjongen.release.xcconfig */ = {isa = PBXFileReference; includeInIndex = 1; lastKnownFileType = text.xcconfig; name = "Pods-loopjongen.release.xcconfig"; path = "Pods/Target Support Files/Pods-loopjongen/Pods-loopjongen.release.xcconfig"; sourceTree = "<group>"; };
		D0C0C59D888C0EB8565044F9 /* libPods-loopjongen.a */ = {isa = PBXFileReference; explicitFileType = archive.ar; includeInIndex = 0; path = "libPods-loopjongen.a"; sourceTree = BUILT_PRODUCTS_DIR; };
/* End PBXFileReference section */

/* Begin PBXFrameworksBuildPhase section */
		8B74A18B1C66BE6600852666 /* Frameworks */ = {
			isa = PBXFrameworksBuildPhase;
			buildActionMask = 2147483647;
			files = (
				3626270B26D25A4BB5A0779F /* libPods-loopjongen.a in Frameworks */,
			);
			runOnlyForDeploymentPostprocessing = 0;
		};
/* End PBXFrameworksBuildPhase section */

/* Begin PBXGroup section */
		43CA085AB4DFE2AF77D9525F /* Pods */ = {
			isa = PBXGroup;
			children = (
				908692C0D4E825B6402C0D17 /* Pods-loopjongen.debug.xcconfig */,
				C3286EB3B6F53350EEF8BA10 /* Pods-loopjongen.release.xcconfig */,
			);
			name = Pods;
			sourceTree = "<group>";
		};
		8B74A1851C66BE6600852666 = {
			isa = PBXGroup;
			children = (
				8B74A1901C66BE6600852666 /* loopjongen */,
				8B74A18F1C66BE6600852666 /* Products */,
				43CA085AB4DFE2AF77D9525F /* Pods */,
				E849E066DEF93AFE22E51053 /* Frameworks */,
			);
			sourceTree = "<group>";
		};
		8B74A18F1C66BE6600852666 /* Products */ = {
			isa = PBXGroup;
			children = (
				8B74A18E1C66BE6600852666 /* loopjongen */,
			);
			name = Products;
			sourceTree = "<group>";
		};
		8B74A1901C66BE6600852666 /* loopjongen */ = {
			isa = PBXGroup;
			children = (
				8B74A1911C66BE6600852666 /* main.m */,
				8B74A1D51C67098100852666 /* Enums.m */,
				8B74A1D21C67056800852666 /* Raspberry.h */,
				8B74A1D31C67056800852666 /* Raspberry.m */,
				8B74A1A01C66FFA100852666 /* Settings.h */,
				8B74A1A11C66FFA100852666 /* Settings.m */,
				8B74A19D1C66FA0500852666 /* Nas.h */,
				8B74A19E1C66FA0500852666 /* Nas.m */,
				8B74A1981C66BEC300852666 /* Server.h */,
				8B74A1991C66BEC300852666 /* Server.m */,
				8B74A19B1C66C4CD00852666 /* statics.m */,
			);
			path = loopjongen;
			sourceTree = "<group>";
		};
		E849E066DEF93AFE22E51053 /* Frameworks */ = {
			isa = PBXGroup;
			children = (
				D0C0C59D888C0EB8565044F9 /* libPods-loopjongen.a */,
			);
			name = Frameworks;
			sourceTree = "<group>";
		};
/* End PBXGroup section */

/* Begin PBXNativeTarget section */
		8B74A18D1C66BE6600852666 /* loopjongen */ = {
			isa = PBXNativeTarget;
			buildConfigurationList = 8B74A1951C66BE6600852666 /* Build configuration list for PBXNativeTarget "loopjongen" */;
			buildPhases = (
				4F74BF447F05B7502875BFEA /* Check Pods Manifest.lock */,
				8B74A18A1C66BE6600852666 /* Sources */,
				8B74A18B1C66BE6600852666 /* Frameworks */,
				8B74A18C1C66BE6600852666 /* CopyFiles */,
				CF3B1DBE872E92B7971A376F /* Copy Pods Resources */,
			);
			buildRules = (
			);
			dependencies = (
			);
			name = loopjongen;
			productName = loopjongen;
			productReference = 8B74A18E1C66BE6600852666 /* loopjongen */;
			productType = "com.apple.product-type.tool";
		};
/* End PBXNativeTarget section */

/* Begin PBXProject section */
		8B74A1861C66BE6600852666 /* Project object */ = {
			isa = PBXProject;
			attributes = {
				LastUpgradeCheck = 0720;
				ORGANIZATIONNAME = "Julian Geywitz";
				TargetAttributes = {
					8B74A18D1C66BE6600852666 = {
						CreatedOnToolsVersion = 7.2.1;
					};
				};
			};
			buildConfigurationList = 8B74A1891C66BE6600852666 /* Build configuration list for PBXProject "loopjongen" */;
			compatibilityVersion = "Xcode 3.2";
			developmentRegion = English;
			hasScannedForEncodings = 0;
			knownRegions = (
				en,
			);
			mainGroup = 8B74A1851C66BE6600852666;
			productRefGroup = 8B74A18F1C66BE6600852666 /* Products */;
			projectDirPath = "";
			projectRoot = "";
			targets = (
				8B74A18D1C66BE6600852666 /* loopjongen */,
			);
		};
/* End PBXProject section */

/* Begin PBXShellScriptBuildPhase section */
		4F74BF447F05B7502875BFEA /* Check Pods Manifest.lock */ = {
			isa = PBXShellScriptBuildPhase;
			buildActionMask = 2147483647;
			files = (
			);
			inputPaths = (
			);
			name = "Check Pods Manifest.lock";
			outputPaths = (
			);
			runOnlyForDeploymentPostprocessing = 0;
			shellPath = /bin/sh;
			shellScript = "diff \"${PODS_ROOT}/../Podfile.lock\" \"${PODS_ROOT}/Manifest.lock\" > /dev/null\nif [[ $? != 0 ]] ; then\n    cat << EOM\nerror: The sandbox is not in sync with the Podfile.lock. Run 'pod install' or update your CocoaPods installation.\nEOM\n    exit 1\nfi\n";
			showEnvVarsInLog = 0;
		};
		CF3B1DBE872E92B7971A376F /* Copy Pods Resources */ = {
			isa = PBXShellScriptBuildPhase;
			buildActionMask = 2147483647;
			files = (
			);
			inputPaths = (
			);
			name = "Copy Pods Resources";
			outputPaths = (
			);
			runOnlyForDeploymentPostprocessing = 0;
			shellPath = /bin/sh;
			shellScript = "\"${SRCROOT}/Pods/Target Support Files/Pods-loopjongen/Pods-loopjongen-resources.sh\"\n";
			showEnvVarsInLog = 0;
		};
/* End PBXShellScriptBuildPhase section */

/* Begin PBXSourcesBuildPhase section */
		8B74A18A1C66BE6600852666 /* Sources */ = {
			isa = PBXSourcesBuildPhase;
			buildActionMask = 2147483647;
			files = (
				8B74A1D61C67098100852666 /* Enums.m in Sources */,
				8B74A1D41C67056800852666 /* Raspberry.m in Sources */,
				8B74A19F1C66FA0500852666 /* Nas.m in Sources */,
				8B74A19A1C66BEC300852666 /* Server.m in Sources */,
				8B74A1A21C66FFA100852666 /* Settings.m in Sources */,
				8B74A19C1C66C4CD00852666 /* statics.m in Sources */,
				8B74A1921C66BE6600852666 /* main.m in Sources */,
			);
			runOnlyForDeploymentPostprocessing = 0;
		};
/* End PBXSourcesBuildPhase section */

/* Begin XCBuildConfiguration section */
		8B74A1931C66BE6600852666 /* Debug */ = {
			isa = XCBuildConfiguration;
			buildSettings = {
				ALWAYS_SEARCH_USER_PATHS = NO;
				CLANG_CXX_LANGUAGE_STANDARD = "gnu++0x";
				CLANG_CXX_LIBRARY = "libc++";
				CLANG_ENABLE_MODULES = YES;
				CLANG_ENABLE_OBJC_ARC = YES;
				CLANG_WARN_BOOL_CONVERSION = YES;
				CLANG_WARN_CONSTANT_CONVERSION = YES;
				CLANG_WARN_DIRECT_OBJC_ISA_USAGE = YES_ERROR;
				CLANG_WARN_EMPTY_BODY = YES;
				CLANG_WARN_ENUM_CONVERSION = YES;
				CLANG_WARN_INT_CONVERSION = YES;
				CLANG_WARN_OBJC_ROOT_CLASS = YES_ERROR;
				CLANG_WARN_UNREACHABLE_CODE = YES;
				CLANG_WARN__DUPLICATE_METHOD_MATCH = YES;
				CODE_SIGN_IDENTITY = "-";
				COPY_PHASE_STRIP = NO;
				DEBUG_INFORMATION_FORMAT = dwarf;
				ENABLE_STRICT_OBJC_MSGSEND = YES;
				ENABLE_TESTABILITY = YES;
				GCC_C_LANGUAGE_STANDARD = gnu99;
				GCC_DYNAMIC_NO_PIC = NO;
				GCC_NO_COMMON_BLOCKS = YES;
				GCC_OPTIMIZATION_LEVEL = 0;
				GCC_PREPROCESSOR_DEFINITIONS = (
					"DEBUG=1",
					"$(inherited)",
				);
				GCC_WARN_64_TO_32_BIT_CONVERSION = YES;
				GCC_WARN_ABOUT_RETURN_TYPE = YES_ERROR;
				GCC_WARN_UNDECLARED_SELECTOR = YES;
				GCC_WARN_UNINITIALIZED_AUTOS = YES_AGGRESSIVE;
				GCC_WARN_UNUSED_FUNCTION = YES;
				GCC_WARN_UNUSED_VARIABLE = YES;
				MACOSX_DEPLOYMENT_TARGET = 10.11;
				MTL_ENABLE_DEBUG_INFO = YES;
				ONLY_ACTIVE_ARCH = YES;
				SDKROOT = macosx;
			};
			name = Debug;
		};
		8B74A1941C66BE6600852666 /* Release */ = {
			isa = XCBuildConfiguration;
			buildSettings = {
				ALWAYS_SEARCH_USER_PATHS = NO;
				CLANG_CXX_LANGUAGE_STANDARD = "gnu++0x";
				CLANG_CXX_LIBRARY = "libc++";
				CLANG_ENABLE_MODULES = YES;
				CLANG_ENABLE_OBJC_ARC = YES;
				CLANG_WARN_BOOL_CONVERSION = YES;
				CLANG_WARN_CONSTANT_CONVERSION = YES;
				CLANG_WARN_DIRECT_OBJC_ISA_USAGE = YES_ERROR;
				CLANG_WARN_EMPTY_BODY = YES;
				CLANG_WARN_ENUM_CONVERSION = YES;
				CLANG_WARN_INT_CONVERSION = YES;
				CLANG_WARN_OBJC_ROOT_CLASS = YES_ERROR;
				CLANG_WARN_UNREACHABLE_CODE = YES;
				CLANG_WARN__DUPLICATE_METHOD_MATCH = YES;
				CODE_SIGN_IDENTITY = "-";
				COPY_PHASE_STRIP = NO;
				DEBUG_INFORMATION_FORMAT = "dwarf-with-dsym";
				ENABLE_NS_ASSERTIONS = NO;
				ENABLE_STRICT_OBJC_MSGSEND = YES;
				GCC_C_LANGUAGE_STANDARD = gnu99;
				GCC_NO_COMMON_BLOCKS = YES;
				GCC_WARN_64_TO_32_BIT_CONVERSION = YES;
				GCC_WARN_ABOUT_RETURN_TYPE = YES_ERROR;
				GCC_WARN_UNDECLARED_SELECTOR = YES;
				GCC_WARN_UNINITIALIZED_AUTOS = YES_AGGRESSIVE;
				GCC_WARN_UNUSED_FUNCTION = YES;
				GCC_WARN_UNUSED_VARIABLE = YES;
				MACOSX_DEPLOYMENT_TARGET = 10.11;
				MTL_ENABLE_DEBUG_INFO = NO;
				SDKROOT = macosx;
			};
			name = Release;
		};
		8B74A1961C66BE6600852666 /* Debug */ = {
			isa = XCBuildConfiguration;
			baseConfigurationReference = 908692C0D4E825B6402C0D17 /* Pods-loopjongen.debug.xcconfig */;
			buildSettings = {
				OTHER_LDFLAGS = (
					"$(inherited)",
					"-ObjC",
				);
				PRODUCT_NAME = "$(TARGET_NAME)";
			};
			name = Debug;
		};
		8B74A1971C66BE6600852666 /* Release */ = {
			isa = XCBuildConfiguration;
			baseConfigurationReference = C3286EB3B6F53350EEF8BA10 /* Pods-loopjongen.release.xcconfig */;
			buildSettings = {
				OTHER_LDFLAGS = (
					"$(inherited)",
					"-ObjC",
				);
				PRODUCT_NAME = "$(TARGET_NAME)";
			};
			name = Release;
		};
/* End XCBuildConfiguration section */

/* Begin XCConfigurationList section */
		8B74A1891C66BE6600852666 /* Build configuration list for PBXProject "loopjongen" */ = {
			isa = XCConfigurationList;
			buildConfigurations = (
				8B74A1931C66BE6600852666 /* Debug */,
				8B74A1941C66BE6600852666 /* Release */,
			);
			defaultConfigurationIsVisible = 0;
			defaultConfigurationName = Release;
		};
		8B74A1951C66BE6600852666 /* Build configuration list for PBXNativeTarget "loopjongen" */ = {
			isa = XCConfigurationList;
			buildConfigurations = (
				8B74A1961C66BE6600852666 /* Debug */,
				8B74A1971C66BE6600852666 /* Release */,
			);
			defaultConfigurationIsVisible = 0;
			defaultConfigurationName = Release;
		};
/* End XCConfigurationList section */
	};
	rootObject = 8B74A1861C66BE6600852666 /* Project object */;
}
